
Microsoft Visual Studio Solution File, Format Version 12.00
# Visual Studio 14
VisualStudioVersion = 14.0.25420.1
MinimumVisualStudioVersion = 10.0.40219.1
Project("{FAE04EC0-301F-11D3-BF4B-00C04F79EFBC}") = "Four51TestProjects", "Four51TestProjects\Four51TestProjects.csproj", "{DCF616D0-CB5E-41DB-B125-1C384EE4FDF2}"
EndProject
Project("{FAE04EC0-301F-11D3-BF4B-00C04F79EFBC}") = "ServicesFromFour51", "ServicesFromFour51\ServicesFromFour51.csproj", "{CC3D77BF-3A21-457C-A64B-6D9DDEC93C31}"
EndProject
Global
	GlobalSection(SolutionConfigurationPlatforms) = preSolution
		Debug|Any CPU = Debug|Any CPU
		Release|Any CPU = Release|Any CPU
	EndGlobalSection
	GlobalSection(ProjectConfigurationPlatforms) = postSolution
		{DCF616D0-CB5E-41DB-B125-1C384EE4FDF2}.Debug|Any CPU.ActiveCfg = Debug|Any CPU
		{DCF616D0-CB5E-41DB-B125-1C384EE4FDF2}.Debug|Any CPU.Build.0 = Debug|Any CPU
		{DCF616D0-CB5E-41DB-B125-1C384EE4FDF2}.Release|Any CPU.ActiveCfg = Release|Any CPU
		{DCF616D0-CB5E-41DB-B125-1C384EE4FDF2}.Release|Any CPU.Build.0 = Release|Any CPU
		{CC3D77BF-3A21-457C-A64B-6D9DDEC93C31}.Debug|Any CPU.ActiveCfg = Debug|Any CPU
		{CC3D77BF-3A21-457C-A64B-6D9DDEC93C31}.Debug|Any CPU.Build.0 = Debug|Any CPU
		{CC3D77BF-3A21-457C-A64B-6D9DDEC93C31}.Release|Any CPU.ActiveCfg = Release|Any CPU
		{CC3D77BF-3A21-457C-A64B-6D9DDEC93C31}.Release|Any CPU.Build.0 = Release|Any CPU
	EndGlobalSection
	GlobalSection(SolutionProperties) = preSolution
		HideSolutionNode = FALSE
	EndGlobalSection
EndGlobal
