
Microsoft Visual Studio Solution File, Format Version 12.00
# Visual Studio 14
VisualStudioVersion = 14.0.25420.1
MinimumVisualStudioVersion = 10.0.40219.1
Project("{FAE04EC0-301F-11D3-BF4B-00C04F79EFBC}") = "WFormsAppTest", "WFormsAppTest\WFormsAppTest.csproj", "{734F70D2-0C66-4A30-94F5-9CA91DECE380}"
EndProject
Project("{FAE04EC0-301F-11D3-BF4B-00C04F79EFBC}") = "EFClassLib", "EFClassLib\EFClassLib.csproj", "{75C88039-D6C0-4B10-8AA1-D0C6B71766E1}"
EndProject
Project("{FAE04EC0-301F-11D3-BF4B-00C04F79EFBC}") = "LinqToSqlLib", "LinqToSqlLib\LinqToSqlLib.csproj", "{A72AEECE-3CCB-42FD-B87C-431C8E527326}"
EndProject
Global
	GlobalSection(SolutionConfigurationPlatforms) = preSolution
		Debug|Any CPU = Debug|Any CPU
		Release|Any CPU = Release|Any CPU
	EndGlobalSection
	GlobalSection(ProjectConfigurationPlatforms) = postSolution
		{734F70D2-0C66-4A30-94F5-9CA91DECE380}.Debug|Any CPU.ActiveCfg = Debug|Any CPU
		{734F70D2-0C66-4A30-94F5-9CA91DECE380}.Debug|Any CPU.Build.0 = Debug|Any CPU
		{734F70D2-0C66-4A30-94F5-9CA91DECE380}.Release|Any CPU.ActiveCfg = Release|Any CPU
		{734F70D2-0C66-4A30-94F5-9CA91DECE380}.Release|Any CPU.Build.0 = Release|Any CPU
		{75C88039-D6C0-4B10-8AA1-D0C6B71766E1}.Debug|Any CPU.ActiveCfg = Debug|Any CPU
		{75C88039-D6C0-4B10-8AA1-D0C6B71766E1}.Debug|Any CPU.Build.0 = Debug|Any CPU
		{75C88039-D6C0-4B10-8AA1-D0C6B71766E1}.Release|Any CPU.ActiveCfg = Release|Any CPU
		{75C88039-D6C0-4B10-8AA1-D0C6B71766E1}.Release|Any CPU.Build.0 = Release|Any CPU
		{A72AEECE-3CCB-42FD-B87C-431C8E527326}.Debug|Any CPU.ActiveCfg = Debug|Any CPU
		{A72AEECE-3CCB-42FD-B87C-431C8E527326}.Debug|Any CPU.Build.0 = Debug|Any CPU
		{A72AEECE-3CCB-42FD-B87C-431C8E527326}.Release|Any CPU.ActiveCfg = Release|Any CPU
		{A72AEECE-3CCB-42FD-B87C-431C8E527326}.Release|Any CPU.Build.0 = Release|Any CPU
	EndGlobalSection
	GlobalSection(SolutionProperties) = preSolution
		HideSolutionNode = FALSE
	EndGlobalSection
EndGlobal
