
Microsoft Visual Studio Solution File, Format Version 12.00
# Visual Studio 14
VisualStudioVersion = 14.0.25420.1
MinimumVisualStudioVersion = 10.0.40219.1
Project("{FAE04EC0-301F-11D3-BF4B-00C04F79EFBC}") = "HtmlToPdf", "HtmlToPdf\HtmlToPdf.csproj", "{4E7CA21B-0699-4980-AAC6-991B424B8397}"
EndProject
Project("{FAE04EC0-301F-11D3-BF4B-00C04F79EFBC}") = "TestConsole", "TestConsole\TestConsole.csproj", "{38415319-7EE1-435C-9649-66589A002AE0}"
EndProject
Project("{FAE04EC0-301F-11D3-BF4B-00C04F79EFBC}") = "ConnectTxtWithoutParagraph", "ConnectTxtWithoutParagraph\ConnectTxtWithoutParagraph.csproj", "{D55ACC66-5A21-4AB2-B973-7AE7A4BE212C}"
EndProject
Global
	GlobalSection(SolutionConfigurationPlatforms) = preSolution
		Debug|Any CPU = Debug|Any CPU
		Release|Any CPU = Release|Any CPU
	EndGlobalSection
	GlobalSection(ProjectConfigurationPlatforms) = postSolution
		{4E7CA21B-0699-4980-AAC6-991B424B8397}.Debug|Any CPU.ActiveCfg = Debug|Any CPU
		{4E7CA21B-0699-4980-AAC6-991B424B8397}.Debug|Any CPU.Build.0 = Debug|Any CPU
		{4E7CA21B-0699-4980-AAC6-991B424B8397}.Release|Any CPU.ActiveCfg = Release|Any CPU
		{4E7CA21B-0699-4980-AAC6-991B424B8397}.Release|Any CPU.Build.0 = Release|Any CPU
		{38415319-7EE1-435C-9649-66589A002AE0}.Debug|Any CPU.ActiveCfg = Debug|Any CPU
		{38415319-7EE1-435C-9649-66589A002AE0}.Debug|Any CPU.Build.0 = Debug|Any CPU
		{38415319-7EE1-435C-9649-66589A002AE0}.Release|Any CPU.ActiveCfg = Release|Any CPU
		{38415319-7EE1-435C-9649-66589A002AE0}.Release|Any CPU.Build.0 = Release|Any CPU
		{D55ACC66-5A21-4AB2-B973-7AE7A4BE212C}.Debug|Any CPU.ActiveCfg = Debug|Any CPU
		{D55ACC66-5A21-4AB2-B973-7AE7A4BE212C}.Debug|Any CPU.Build.0 = Debug|Any CPU
		{D55ACC66-5A21-4AB2-B973-7AE7A4BE212C}.Release|Any CPU.ActiveCfg = Release|Any CPU
		{D55ACC66-5A21-4AB2-B973-7AE7A4BE212C}.Release|Any CPU.Build.0 = Release|Any CPU
	EndGlobalSection
	GlobalSection(SolutionProperties) = preSolution
		HideSolutionNode = FALSE
	EndGlobalSection
EndGlobal
